
Microsoft Visual Studio Solution File, Format Version 10.00
# Visual Studio 2008
Project("{FAE04EC0-301F-11D3-BF4B-00C04F79EFBC}") = "WcfServie", "WcfServie\WcfServie.csproj", "{0050E1F7-E2BA-438C-8F8E-7D0918FD15A2}"
EndProject
Project("{FAE04EC0-301F-11D3-BF4B-00C04F79EFBC}") = "Host", "Host\Host.csproj", "{F64879C5-46CD-4F74-B841-967E1FFEA645}"
EndProject
Project("{FAE04EC0-301F-11D3-BF4B-00C04F79EFBC}") = "Client", "Client\Client.csproj", "{3DEEE810-28B9-43DB-BF88-505E29B11434}"
EndProject
Global
	GlobalSection(SolutionConfigurationPlatforms) = preSolution
		Debug|Any CPU = Debug|Any CPU
		Release|Any CPU = Release|Any CPU
	EndGlobalSection
	GlobalSection(ProjectConfigurationPlatforms) = postSolution
		{0050E1F7-E2BA-438C-8F8E-7D0918FD15A2}.Debug|Any CPU.ActiveCfg = Debug|Any CPU
		{0050E1F7-E2BA-438C-8F8E-7D0918FD15A2}.Debug|Any CPU.Build.0 = Debug|Any CPU
		{0050E1F7-E2BA-438C-8F8E-7D0918FD15A2}.Release|Any CPU.ActiveCfg = Release|Any CPU
		{0050E1F7-E2BA-438C-8F8E-7D0918FD15A2}.Release|Any CPU.Build.0 = Release|Any CPU
		{F64879C5-46CD-4F74-B841-967E1FFEA645}.Debug|Any CPU.ActiveCfg = Debug|Any CPU
		{F64879C5-46CD-4F74-B841-967E1FFEA645}.Debug|Any CPU.Build.0 = Debug|Any CPU
		{F64879C5-46CD-4F74-B841-967E1FFEA645}.Release|Any CPU.ActiveCfg = Release|Any CPU
		{F64879C5-46CD-4F74-B841-967E1FFEA645}.Release|Any CPU.Build.0 = Release|Any CPU
		{3DEEE810-28B9-43DB-BF88-505E29B11434}.Debug|Any CPU.ActiveCfg = Debug|Any CPU
		{3DEEE810-28B9-43DB-BF88-505E29B11434}.Debug|Any CPU.Build.0 = Debug|Any CPU
		{3DEEE810-28B9-43DB-BF88-505E29B11434}.Release|Any CPU.ActiveCfg = Release|Any CPU
		{3DEEE810-28B9-43DB-BF88-505E29B11434}.Release|Any CPU.Build.0 = Release|Any CPU
	EndGlobalSection
	GlobalSection(SolutionProperties) = preSolution
		HideSolutionNode = FALSE
	EndGlobalSection
EndGlobal
